// !$*UTF8*$!
{
	archiveVersion = 1;
	classes = {
	};
	objectVersion = 46;
	objects = {

/* Begin PBXBuildFile section */
		0A4C240F16281ADC007DA868 /* UIKit.framework in Frameworks */ = {isa = PBXBuildFile; fileRef = 0A4C240E16281ADC007DA868 /* UIKit.framework */; };
		0A4C241116281ADC007DA868 /* Foundation.framework in Frameworks */ = {isa = PBXBuildFile; fileRef = 0A4C241016281ADC007DA868 /* Foundation.framework */; };
		0A4C241316281ADC007DA868 /* CoreGraphics.framework in Frameworks */ = {isa = PBXBuildFile; fileRef = 0A4C241216281ADC007DA868 /* CoreGraphics.framework */; };
		0A4C241916281ADC007DA868 /* InfoPlist.strings in Resources */ = {isa = PBXBuildFile; fileRef = 0A4C241716281ADC007DA868 /* InfoPlist.strings */; };
		0A4C241B16281ADC007DA868 /* main.m in Sources */ = {isa = PBXBuildFile; fileRef = 0A4C241A16281ADC007DA868 /* main.m */; };
		0A4C241F16281ADC007DA868 /* LAppDelegate.m in Sources */ = {isa = PBXBuildFile; fileRef = 0A4C241E16281ADC007DA868 /* LAppDelegate.m */; };
		0A4C242116281ADC007DA868 /* Default.png in Resources */ = {isa = PBXBuildFile; fileRef = 0A4C242016281ADC007DA868 /* Default.png */; };
		0A4C242316281ADC007DA868 /* Default@2x.png in Resources */ = {isa = PBXBuildFile; fileRef = 0A4C242216281ADC007DA868 /* Default@2x.png */; };
		0A4C242516281ADC007DA868 /* Default-568h@2x.png in Resources */ = {isa = PBXBuildFile; fileRef = 0A4C242416281ADC007DA868 /* Default-568h@2x.png */; };
		0A4C242816281ADC007DA868 /* LViewController.m in Sources */ = {isa = PBXBuildFile; fileRef = 0A4C242716281ADC007DA868 /* LViewController.m */; };
		0A5FF405162C055E001A7E00 /* LGrid.m in Sources */ = {isa = PBXBuildFile; fileRef = 0A5FF404162C055E001A7E00 /* LGrid.m */; };
		0A5FF407162C0765001A7E00 /* QuartzCore.framework in Frameworks */ = {isa = PBXBuildFile; fileRef = 0A5FF406162C0765001A7E00 /* QuartzCore.framework */; };
		0A5FF40A162C11FC001A7E00 /* LSimulation.m in Sources */ = {isa = PBXBuildFile; fileRef = 0A5FF409162C11FC001A7E00 /* LSimulation.m */; };
		0A7DFEB9162C68E10038F3BD /* bacteria-icon.png in Resources */ = {isa = PBXBuildFile; fileRef = 0A7DFEB8162C68E10038F3BD /* bacteria-icon.png */; };
		0A7DFEBC162C69100038F3BD /* bacteria-icon2.png in Resources */ = {isa = PBXBuildFile; fileRef = 0A7DFEBB162C69100038F3BD /* bacteria-icon2.png */; };
		F9080EC1216E94A100D8440A /* lifeUITests.m in Sources */ = {isa = PBXBuildFile; fileRef = F9080EC0216E94A100D8440A /* lifeUITests.m */; };
/* End PBXBuildFile section */

/* Begin PBXContainerItemProxy section */
		F9080EC3216E94A100D8440A /* PBXContainerItemProxy */ = {
			isa = PBXContainerItemProxy;
			containerPortal = 0A4C240116281ADC007DA868 /* Project object */;
			proxyType = 1;
			remoteGlobalIDString = 0A4C240916281ADC007DA868;
			remoteInfo = life;
		};
/* End PBXContainerItemProxy section */

/* Begin PBXFileReference section */
		0A4C240A16281ADC007DA868 /* life.app */ = {isa = PBXFileReference; explicitFileType = wrapper.application; includeInIndex = 0; path = life.app; sourceTree = BUILT_PRODUCTS_DIR; };
		0A4C240E16281ADC007DA868 /* UIKit.framework */ = {isa = PBXFileReference; lastKnownFileType = wrapper.framework; name = UIKit.framework; path = System/Library/Frameworks/UIKit.framework; sourceTree = SDKROOT; };
		0A4C241016281ADC007DA868 /* Foundation.framework */ = {isa = PBXFileReference; lastKnownFileType = wrapper.framework; name = Foundation.framework; path = System/Library/Frameworks/Foundation.framework; sourceTree = SDKROOT; };
		0A4C241216281ADC007DA868 /* CoreGraphics.framework */ = {isa = PBXFileReference; lastKnownFileType = wrapper.framework; name = CoreGraphics.framework; path = System/Library/Frameworks/CoreGraphics.framework; sourceTree = SDKROOT; };
		0A4C241616281ADC007DA868 /* life-Info.plist */ = {isa = PBXFileReference; lastKnownFileType = text.plist.xml; path = "life-Info.plist"; sourceTree = "<group>"; };
		0A4C241816281ADC007DA868 /* en */ = {isa = PBXFileReference; lastKnownFileType = text.plist.strings; name = en; path = en.lproj/InfoPlist.strings; sourceTree = "<group>"; };
		0A4C241A16281ADC007DA868 /* main.m */ = {isa = PBXFileReference; lastKnownFileType = sourcecode.c.objc; path = main.m; sourceTree = "<group>"; };
		0A4C241C16281ADC007DA868 /* life-Prefix.pch */ = {isa = PBXFileReference; lastKnownFileType = sourcecode.c.h; path = "life-Prefix.pch"; sourceTree = "<group>"; };
		0A4C241D16281ADC007DA868 /* LAppDelegate.h */ = {isa = PBXFileReference; lastKnownFileType = sourcecode.c.h; path = LAppDelegate.h; sourceTree = "<group>"; };
		0A4C241E16281ADC007DA868 /* LAppDelegate.m */ = {isa = PBXFileReference; lastKnownFileType = sourcecode.c.objc; path = LAppDelegate.m; sourceTree = "<group>"; };
		0A4C242016281ADC007DA868 /* Default.png */ = {isa = PBXFileReference; lastKnownFileType = image.png; name = Default.png; path = life/Default.png; sourceTree = "<group>"; };
		0A4C242216281ADC007DA868 /* Default@2x.png */ = {isa = PBXFileReference; lastKnownFileType = image.png; name = "Default@2x.png"; path = "life/Default@2x.png"; sourceTree = "<group>"; };
		0A4C242416281ADC007DA868 /* Default-568h@2x.png */ = {isa = PBXFileReference; lastKnownFileType = image.png; name = "Default-568h@2x.png"; path = "life/Default-568h@2x.png"; sourceTree = "<group>"; };
		0A4C242616281ADC007DA868 /* LViewController.h */ = {isa = PBXFileReference; lastKnownFileType = sourcecode.c.h; path = LViewController.h; sourceTree = "<group>"; };
		0A4C242716281ADC007DA868 /* LViewController.m */ = {isa = PBXFileReference; lastKnownFileType = sourcecode.c.objc; path = LViewController.m; sourceTree = "<group>"; };
		0A5FF403162C055E001A7E00 /* LGrid.h */ = {isa = PBXFileReference; fileEncoding = 4; lastKnownFileType = sourcecode.c.h; path = LGrid.h; sourceTree = "<group>"; };
		0A5FF404162C055E001A7E00 /* LGrid.m */ = {isa = PBXFileReference; fileEncoding = 4; lastKnownFileType = sourcecode.c.objc; path = LGrid.m; sourceTree = "<group>"; };
		0A5FF406162C0765001A7E00 /* QuartzCore.framework */ = {isa = PBXFileReference; lastKnownFileType = wrapper.framework; name = QuartzCore.framework; path = System/Library/Frameworks/QuartzCore.framework; sourceTree = SDKROOT; };
		0A5FF408162C11FC001A7E00 /* LSimulation.h */ = {isa = PBXFileReference; fileEncoding = 4; lastKnownFileType = sourcecode.c.h; path = LSimulation.h; sourceTree = "<group>"; };
		0A5FF409162C11FC001A7E00 /* LSimulation.m */ = {isa = PBXFileReference; fileEncoding = 4; lastKnownFileType = sourcecode.c.objc; path = LSimulation.m; sourceTree = "<group>"; };
		0A7DFEB8162C68E10038F3BD /* bacteria-icon.png */ = {isa = PBXFileReference; lastKnownFileType = image.png; path = "bacteria-icon.png"; sourceTree = "<group>"; };
		0A7DFEBB162C69100038F3BD /* bacteria-icon2.png */ = {isa = PBXFileReference; lastKnownFileType = image.png; path = "bacteria-icon2.png"; sourceTree = "<group>"; };
		F9080EBE216E94A100D8440A /* lifeUITests.xctest */ = {isa = PBXFileReference; explicitFileType = wrapper.cfbundle; includeInIndex = 0; path = lifeUITests.xctest; sourceTree = BUILT_PRODUCTS_DIR; };
		F9080EC0216E94A100D8440A /* lifeUITests.m */ = {isa = PBXFileReference; lastKnownFileType = sourcecode.c.objc; path = lifeUITests.m; sourceTree = "<group>"; };
		F9080EC2216E94A100D8440A /* Info.plist */ = {isa = PBXFileReference; lastKnownFileType = text.plist.xml; path = Info.plist; sourceTree = "<group>"; };
		F99A91E9216FE99500A661B4 /* Hack.h */ = {isa = PBXFileReference; lastKnownFileType = sourcecode.c.h; path = Hack.h; sourceTree = "<group>"; };
		F9BD127D217139CB00E18794 /* XCUIApplicationImpl.h */ = {isa = PBXFileReference; lastKnownFileType = sourcecode.c.h; path = XCUIApplicationImpl.h; sourceTree = "<group>"; };
		F9FB8419216FF97D005C9C39 /* XCUIApplication+Private.h */ = {isa = PBXFileReference; lastKnownFileType = sourcecode.c.h; path = "XCUIApplication+Private.h"; sourceTree = "<group>"; };
		F9FB84242170032C005C9C39 /* DerivedData */ = {isa = PBXFileReference; lastKnownFileType = folder; path = DerivedData; sourceTree = "<group>"; };
/* End PBXFileReference section */

/* Begin PBXFrameworksBuildPhase section */
		0A4C240716281ADC007DA868 /* Frameworks */ = {
			isa = PBXFrameworksBuildPhase;
			buildActionMask = 2147483647;
			files = (
				0A5FF407162C0765001A7E00 /* QuartzCore.framework in Frameworks */,
				0A4C240F16281ADC007DA868 /* UIKit.framework in Frameworks */,
				0A4C241116281ADC007DA868 /* Foundation.framework in Frameworks */,
				0A4C241316281ADC007DA868 /* CoreGraphics.framework in Frameworks */,
			);
			runOnlyForDeploymentPostprocessing = 0;
		};
		F9080EBB216E94A100D8440A /* Frameworks */ = {
			isa = PBXFrameworksBuildPhase;
			buildActionMask = 2147483647;
			files = (
			);
			runOnlyForDeploymentPostprocessing = 0;
		};
/* End PBXFrameworksBuildPhase section */

/* Begin PBXGroup section */
		0A4C23FF16281ADC007DA868 = {
			isa = PBXGroup;
			children = (
				F9FB84242170032C005C9C39 /* DerivedData */,
				0A4C241416281ADC007DA868 /* life */,
				F9080EBF216E94A100D8440A /* lifeUITests */,
				0A4C240D16281ADC007DA868 /* Frameworks */,
				0A4C240B16281ADC007DA868 /* Products */,
			);
			sourceTree = "<group>";
		};
		0A4C240B16281ADC007DA868 /* Products */ = {
			isa = PBXGroup;
			children = (
				0A4C240A16281ADC007DA868 /* life.app */,
				F9080EBE216E94A100D8440A /* lifeUITests.xctest */,
			);
			name = Products;
			sourceTree = "<group>";
		};
		0A4C240D16281ADC007DA868 /* Frameworks */ = {
			isa = PBXGroup;
			children = (
				0A5FF406162C0765001A7E00 /* QuartzCore.framework */,
				0A4C240E16281ADC007DA868 /* UIKit.framework */,
				0A4C241016281ADC007DA868 /* Foundation.framework */,
				0A4C241216281ADC007DA868 /* CoreGraphics.framework */,
			);
			name = Frameworks;
			sourceTree = "<group>";
		};
		0A4C241416281ADC007DA868 /* life */ = {
			isa = PBXGroup;
			children = (
				0AB201DB1699C3D400AD1C43 /* Resources */,
				0A4C241516281ADC007DA868 /* Supporting Files */,
				0A4C241D16281ADC007DA868 /* LAppDelegate.h */,
				0A4C241E16281ADC007DA868 /* LAppDelegate.m */,
				0A4C242616281ADC007DA868 /* LViewController.h */,
				0A4C242716281ADC007DA868 /* LViewController.m */,
				0A5FF403162C055E001A7E00 /* LGrid.h */,
				0A5FF404162C055E001A7E00 /* LGrid.m */,
				0A5FF408162C11FC001A7E00 /* LSimulation.h */,
				0A5FF409162C11FC001A7E00 /* LSimulation.m */,
			);
			path = life;
			sourceTree = "<group>";
		};
		0A4C241516281ADC007DA868 /* Supporting Files */ = {
			isa = PBXGroup;
			children = (
				0A4C241616281ADC007DA868 /* life-Info.plist */,
				0A4C241716281ADC007DA868 /* InfoPlist.strings */,
				0A4C241A16281ADC007DA868 /* main.m */,
				0A4C241C16281ADC007DA868 /* life-Prefix.pch */,
			);
			name = "Supporting Files";
			sourceTree = "<group>";
		};
		0AB201DB1699C3D400AD1C43 /* Resources */ = {
			isa = PBXGroup;
			children = (
				0A4C242016281ADC007DA868 /* Default.png */,
				0A4C242216281ADC007DA868 /* Default@2x.png */,
				0A4C242416281ADC007DA868 /* Default-568h@2x.png */,
				0A7DFEBB162C69100038F3BD /* bacteria-icon2.png */,
				0A7DFEB8162C68E10038F3BD /* bacteria-icon.png */,
			);
			name = Resources;
			path = ..;
			sourceTree = "<group>";
		};
		F9080EBF216E94A100D8440A /* lifeUITests */ = {
			isa = PBXGroup;
			children = (
				F9080EC0216E94A100D8440A /* lifeUITests.m */,
				F9080EC2216E94A100D8440A /* Info.plist */,
				F99A91E9216FE99500A661B4 /* Hack.h */,
				F9FB8419216FF97D005C9C39 /* XCUIApplication+Private.h */,
				F9BD127D217139CB00E18794 /* XCUIApplicationImpl.h */,
			);
			path = lifeUITests;
			sourceTree = "<group>";
		};
/* End PBXGroup section */

/* Begin PBXNativeTarget section */
		0A4C240916281ADC007DA868 /* life */ = {
			isa = PBXNativeTarget;
			buildConfigurationList = 0A4C243116281ADC007DA868 /* Build configuration list for PBXNativeTarget "life" */;
			buildPhases = (
				0A4C240616281ADC007DA868 /* Sources */,
				0A4C240716281ADC007DA868 /* Frameworks */,
				0A4C240816281ADC007DA868 /* Resources */,
			);
			buildRules = (
			);
			dependencies = (
			);
			name = life;
			productName = life;
			productReference = 0A4C240A16281ADC007DA868 /* life.app */;
			productType = "com.apple.product-type.application";
		};
		F9080EBD216E94A100D8440A /* lifeUITests */ = {
			isa = PBXNativeTarget;
			buildConfigurationList = F9080EC5216E94A100D8440A /* Build configuration list for PBXNativeTarget "lifeUITests" */;
			buildPhases = (
				F9080EBA216E94A100D8440A /* Sources */,
				F9080EBB216E94A100D8440A /* Frameworks */,
				F9080EBC216E94A100D8440A /* Resources */,
			);
			buildRules = (
			);
			dependencies = (
				F9080EC4216E94A100D8440A /* PBXTargetDependency */,
			);
			name = lifeUITests;
			productName = lifeUITests;
			productReference = F9080EBE216E94A100D8440A /* lifeUITests.xctest */;
			productType = "com.apple.product-type.bundle.ui-testing";
		};
/* End PBXNativeTarget section */

/* Begin PBXProject section */
		0A4C240116281ADC007DA868 /* Project object */ = {
			isa = PBXProject;
			attributes = {
				CLASSPREFIX = L;
				LastUpgradeCheck = 0450;
				ORGANIZATIONNAME = "Kemal Enver";
				TargetAttributes = {
					0A4C240916281ADC007DA868 = {
						DevelopmentTeam = V9WTTPBFK9;
						ProvisioningStyle = Automatic;
					};
					F9080EBD216E94A100D8440A = {
						CreatedOnToolsVersion = 10.0;
						DevelopmentTeam = V9WTTPBFK9;
						ProvisioningStyle = Automatic;
						TestTargetID = 0A4C240916281ADC007DA868;
					};
				};
			};
			buildConfigurationList = 0A4C240416281ADC007DA868 /* Build configuration list for PBXProject "life" */;
			compatibilityVersion = "Xcode 3.2";
			developmentRegion = English;
			hasScannedForEncodings = 0;
			knownRegions = (
				en,
			);
			mainGroup = 0A4C23FF16281ADC007DA868;
			productRefGroup = 0A4C240B16281ADC007DA868 /* Products */;
			projectDirPath = "";
			projectRoot = "";
			targets = (
				0A4C240916281ADC007DA868 /* life */,
				F9080EBD216E94A100D8440A /* lifeUITests */,
			);
		};
/* End PBXProject section */

/* Begin PBXResourcesBuildPhase section */
		0A4C240816281ADC007DA868 /* Resources */ = {
			isa = PBXResourcesBuildPhase;
			buildActionMask = 2147483647;
			files = (
				0A4C241916281ADC007DA868 /* InfoPlist.strings in Resources */,
				0A4C242116281ADC007DA868 /* Default.png in Resources */,
				0A4C242316281ADC007DA868 /* Default@2x.png in Resources */,
				0A4C242516281ADC007DA868 /* Default-568h@2x.png in Resources */,
				0A7DFEB9162C68E10038F3BD /* bacteria-icon.png in Resources */,
				0A7DFEBC162C69100038F3BD /* bacteria-icon2.png in Resources */,
			);
			runOnlyForDeploymentPostprocessing = 0;
		};
		F9080EBC216E94A100D8440A /* Resources */ = {
			isa = PBXResourcesBuildPhase;
			buildActionMask = 2147483647;
			files = (
			);
			runOnlyForDeploymentPostprocessing = 0;
		};
/* End PBXResourcesBuildPhase section */

/* Begin PBXSourcesBuildPhase section */
		0A4C240616281ADC007DA868 /* Sources */ = {
			isa = PBXSourcesBuildPhase;
			buildActionMask = 2147483647;
			files = (
				0A4C241B16281ADC007DA868 /* main.m in Sources */,
				0A4C241F16281ADC007DA868 /* LAppDelegate.m in Sources */,
				0A4C242816281ADC007DA868 /* LViewController.m in Sources */,
				0A5FF405162C055E001A7E00 /* LGrid.m in Sources */,
				0A5FF40A162C11FC001A7E00 /* LSimulation.m in Sources */,
			);
			runOnlyForDeploymentPostprocessing = 0;
		};
		F9080EBA216E94A100D8440A /* Sources */ = {
			isa = PBXSourcesBuildPhase;
			buildActionMask = 2147483647;
			files = (
				F9080EC1216E94A100D8440A /* lifeUITests.m in Sources */,
			);
			runOnlyForDeploymentPostprocessing = 0;
		};
/* End PBXSourcesBuildPhase section */

/* Begin PBXTargetDependency section */
		F9080EC4216E94A100D8440A /* PBXTargetDependency */ = {
			isa = PBXTargetDependency;
			target = 0A4C240916281ADC007DA868 /* life */;
			targetProxy = F9080EC3216E94A100D8440A /* PBXContainerItemProxy */;
		};
/* End PBXTargetDependency section */

/* Begin PBXVariantGroup section */
		0A4C241716281ADC007DA868 /* InfoPlist.strings */ = {
			isa = PBXVariantGroup;
			children = (
				0A4C241816281ADC007DA868 /* en */,
			);
			name = InfoPlist.strings;
			sourceTree = "<group>";
		};
/* End PBXVariantGroup section */

/* Begin XCBuildConfiguration section */
		0A4C242F16281ADC007DA868 /* Debug */ = {
			isa = XCBuildConfiguration;
			buildSettings = {
				ALWAYS_SEARCH_USER_PATHS = NO;
				CLANG_CXX_LANGUAGE_STANDARD = "gnu++0x";
				CLANG_CXX_LIBRARY = "libc++";
				CLANG_ENABLE_OBJC_ARC = YES;
				CLANG_WARN_EMPTY_BODY = YES;
				CLANG_WARN__DUPLICATE_METHOD_MATCH = YES;
				"CODE_SIGN_IDENTITY[sdk=iphoneos*]" = "iPhone Developer";
				COPY_PHASE_STRIP = NO;
				GCC_C_LANGUAGE_STANDARD = gnu99;
				GCC_DYNAMIC_NO_PIC = NO;
				GCC_OPTIMIZATION_LEVEL = 0;
				GCC_PREPROCESSOR_DEFINITIONS = (
					"DEBUG=1",
					"$(inherited)",
				);
				GCC_SYMBOLS_PRIVATE_EXTERN = NO;
				GCC_WARN_ABOUT_RETURN_TYPE = YES;
				GCC_WARN_UNINITIALIZED_AUTOS = YES;
				GCC_WARN_UNUSED_VARIABLE = YES;
				IPHONEOS_DEPLOYMENT_TARGET = 6.0;
				SDKROOT = iphoneos;
				TARGETED_DEVICE_FAMILY = "1,2";
			};
			name = Debug;
		};
		0A4C243016281ADC007DA868 /* Release */ = {
			isa = XCBuildConfiguration;
			buildSettings = {
				ALWAYS_SEARCH_USER_PATHS = NO;
				CLANG_CXX_LANGUAGE_STANDARD = "gnu++0x";
				CLANG_CXX_LIBRARY = "libc++";
				CLANG_ENABLE_OBJC_ARC = YES;
				CLANG_WARN_EMPTY_BODY = YES;
				CLANG_WARN__DUPLICATE_METHOD_MATCH = YES;
				"CODE_SIGN_IDENTITY[sdk=iphoneos*]" = "iPhone Developer";
				COPY_PHASE_STRIP = YES;
				GCC_C_LANGUAGE_STANDARD = gnu99;
				GCC_WARN_ABOUT_RETURN_TYPE = YES;
				GCC_WARN_UNINITIALIZED_AUTOS = YES;
				GCC_WARN_UNUSED_VARIABLE = YES;
				IPHONEOS_DEPLOYMENT_TARGET = 6.0;
				OTHER_CFLAGS = "-DNS_BLOCK_ASSERTIONS=1";
				SDKROOT = iphoneos;
				TARGETED_DEVICE_FAMILY = "1,2";
				VALIDATE_PRODUCT = YES;
			};
			name = Release;
		};
		0A4C243216281ADC007DA868 /* Debug */ = {
			isa = XCBuildConfiguration;
			buildSettings = {
				CODE_SIGN_IDENTITY = "iPhone Developer";
				CODE_SIGN_STYLE = Automatic;
				DEVELOPMENT_TEAM = V9WTTPBFK9;
				GCC_PRECOMPILE_PREFIX_HEADER = YES;
				GCC_PREFIX_HEADER = "life/life-Prefix.pch";
				INFOPLIST_FILE = "life/life-Info.plist";
				PRODUCT_NAME = "$(TARGET_NAME)";
				PROVISIONING_PROFILE_SPECIFIER = "";
				WRAPPER_EXTENSION = app;
			};
			name = Debug;
		};
		0A4C243316281ADC007DA868 /* Release */ = {
			isa = XCBuildConfiguration;
			buildSettings = {
				CODE_SIGN_IDENTITY = "iPhone Developer";
				CODE_SIGN_STYLE = Automatic;
				DEVELOPMENT_TEAM = V9WTTPBFK9;
				GCC_PRECOMPILE_PREFIX_HEADER = YES;
				GCC_PREFIX_HEADER = "life/life-Prefix.pch";
				INFOPLIST_FILE = "life/life-Info.plist";
				PRODUCT_NAME = "$(TARGET_NAME)";
				PROVISIONING_PROFILE_SPECIFIER = "";
				WRAPPER_EXTENSION = app;
			};
			name = Release;
		};
		F9080EC6216E94A100D8440A /* Debug */ = {
			isa = XCBuildConfiguration;
			buildSettings = {
				CLANG_ANALYZER_NONNULL = YES;
				CLANG_ANALYZER_NUMBER_OBJECT_CONVERSION = YES_AGGRESSIVE;
				CLANG_CXX_LANGUAGE_STANDARD = "gnu++14";
				CLANG_ENABLE_MODULES = YES;
				CLANG_ENABLE_OBJC_WEAK = YES;
				CLANG_WARN_BLOCK_CAPTURE_AUTORELEASING = YES;
				CLANG_WARN_BOOL_CONVERSION = YES;
				CLANG_WARN_COMMA = YES;
				CLANG_WARN_CONSTANT_CONVERSION = YES;
				CLANG_WARN_DEPRECATED_OBJC_IMPLEMENTATIONS = YES;
				CLANG_WARN_DIRECT_OBJC_ISA_USAGE = YES_ERROR;
				CLANG_WARN_DOCUMENTATION_COMMENTS = YES;
				CLANG_WARN_ENUM_CONVERSION = YES;
				CLANG_WARN_INFINITE_RECURSION = YES;
				CLANG_WARN_INT_CONVERSION = YES;
				CLANG_WARN_NON_LITERAL_NULL_CONVERSION = YES;
				CLANG_WARN_OBJC_IMPLICIT_RETAIN_SELF = YES;
				CLANG_WARN_OBJC_LITERAL_CONVERSION = YES;
				CLANG_WARN_OBJC_ROOT_CLASS = YES_ERROR;
				CLANG_WARN_RANGE_LOOP_ANALYSIS = YES;
				CLANG_WARN_STRICT_PROTOTYPES = YES;
				CLANG_WARN_SUSPICIOUS_MOVE = YES;
				CLANG_WARN_UNGUARDED_AVAILABILITY = YES_AGGRESSIVE;
				CLANG_WARN_UNREACHABLE_CODE = YES;
				CODE_SIGN_IDENTITY = "iPhone Developer";
				CODE_SIGN_STYLE = Automatic;
				DEBUG_INFORMATION_FORMAT = dwarf;
				DEVELOPMENT_TEAM = V9WTTPBFK9;
				ENABLE_STRICT_OBJC_MSGSEND = YES;
				ENABLE_TESTABILITY = YES;
				GCC_C_LANGUAGE_STANDARD = gnu11;
				GCC_NO_COMMON_BLOCKS = YES;
				GCC_WARN_64_TO_32_BIT_CONVERSION = YES;
				GCC_WARN_ABOUT_RETURN_TYPE = YES_ERROR;
				GCC_WARN_UNDECLARED_SELECTOR = YES;
				GCC_WARN_UNINITIALIZED_AUTOS = YES_AGGRESSIVE;
				GCC_WARN_UNUSED_FUNCTION = YES;
				HEADER_SEARCH_PATHS = "";
				INFOPLIST_FILE = lifeUITests/Info.plist;
				IPHONEOS_DEPLOYMENT_TARGET = 12.0;
				LD_RUNPATH_SEARCH_PATHS = "$(inherited) @executable_path/Frameworks @loader_path/Frameworks";
				MTL_ENABLE_DEBUG_INFO = INCLUDE_SOURCE;
				MTL_FAST_MATH = YES;
				ONLY_ACTIVE_ARCH = YES;
				PRODUCT_BUNDLE_IDENTIFIER = com.facebook.lifeUITests;
				PRODUCT_NAME = "$(TARGET_NAME)";
				PROVISIONING_PROFILE_SPECIFIER = "";
				TARGETED_DEVICE_FAMILY = "1,2";
				TEST_TARGET_NAME = life;
			};
			name = Debug;
		};
		F9080EC7216E94A100D8440A /* Release */ = {
			isa = XCBuildConfiguration;
			buildSettings = {
				CLANG_ANALYZER_NONNULL = YES;
				CLANG_ANALYZER_NUMBER_OBJECT_CONVERSION = YES_AGGRESSIVE;
				CLANG_CXX_LANGUAGE_STANDARD = "gnu++14";
				CLANG_ENABLE_MODULES = YES;
				CLANG_ENABLE_OBJC_WEAK = YES;
				CLANG_WARN_BLOCK_CAPTURE_AUTORELEASING = YES;
				CLANG_WARN_BOOL_CONVERSION = YES;
				CLANG_WARN_COMMA = YES;
				CLANG_WARN_CONSTANT_CONVERSION = YES;
				CLANG_WARN_DEPRECATED_OBJC_IMPLEMENTATIONS = YES;
				CLANG_WARN_DIRECT_OBJC_ISA_USAGE = YES_ERROR;
				CLANG_WARN_DOCUMENTATION_COMMENTS = YES;
				CLANG_WARN_ENUM_CONVERSION = YES;
				CLANG_WARN_INFINITE_RECURSION = YES;
				CLANG_WARN_INT_CONVERSION = YES;
				CLANG_WARN_NON_LITERAL_NULL_CONVERSION = YES;
				CLANG_WARN_OBJC_IMPLICIT_RETAIN_SELF = YES;
				CLANG_WARN_OBJC_LITERAL_CONVERSION = YES;
				CLANG_WARN_OBJC_ROOT_CLASS = YES_ERROR;
				CLANG_WARN_RANGE_LOOP_ANALYSIS = YES;
				CLANG_WARN_STRICT_PROTOTYPES = YES;
				CLANG_WARN_SUSPICIOUS_MOVE = YES;
				CLANG_WARN_UNGUARDED_AVAILABILITY = YES_AGGRESSIVE;
				CLANG_WARN_UNREACHABLE_CODE = YES;
				CODE_SIGN_IDENTITY = "iPhone Developer";
				CODE_SIGN_STYLE = Automatic;
				COPY_PHASE_STRIP = NO;
				DEBUG_INFORMATION_FORMAT = "dwarf-with-dsym";
				DEVELOPMENT_TEAM = V9WTTPBFK9;
				ENABLE_NS_ASSERTIONS = NO;
				ENABLE_STRICT_OBJC_MSGSEND = YES;
				GCC_C_LANGUAGE_STANDARD = gnu11;
				GCC_NO_COMMON_BLOCKS = YES;
				GCC_WARN_64_TO_32_BIT_CONVERSION = YES;
				GCC_WARN_ABOUT_RETURN_TYPE = YES_ERROR;
				GCC_WARN_UNDECLARED_SELECTOR = YES;
				GCC_WARN_UNINITIALIZED_AUTOS = YES_AGGRESSIVE;
				GCC_WARN_UNUSED_FUNCTION = YES;
				HEADER_SEARCH_PATHS = "";
				INFOPLIST_FILE = lifeUITests/Info.plist;
				IPHONEOS_DEPLOYMENT_TARGET = 12.0;
				LD_RUNPATH_SEARCH_PATHS = "$(inherited) @executable_path/Frameworks @loader_path/Frameworks";
				MTL_ENABLE_DEBUG_INFO = NO;
				MTL_FAST_MATH = YES;
				PRODUCT_BUNDLE_IDENTIFIER = com.facebook.lifeUITests;
				PRODUCT_NAME = "$(TARGET_NAME)";
				PROVISIONING_PROFILE_SPECIFIER = "";
				TARGETED_DEVICE_FAMILY = "1,2";
				TEST_TARGET_NAME = life;
			};
			name = Release;
		};
/* End XCBuildConfiguration section */

/* Begin XCConfigurationList section */
		0A4C240416281ADC007DA868 /* Build configuration list for PBXProject "life" */ = {
			isa = XCConfigurationList;
			buildConfigurations = (
				0A4C242F16281ADC007DA868 /* Debug */,
				0A4C243016281ADC007DA868 /* Release */,
			);
			defaultConfigurationIsVisible = 0;
			defaultConfigurationName = Release;
		};
		0A4C243116281ADC007DA868 /* Build configuration list for PBXNativeTarget "life" */ = {
			isa = XCConfigurationList;
			buildConfigurations = (
				0A4C243216281ADC007DA868 /* Debug */,
				0A4C243316281ADC007DA868 /* Release */,
			);
			defaultConfigurationIsVisible = 0;
			defaultConfigurationName = Release;
		};
		F9080EC5216E94A100D8440A /* Build configuration list for PBXNativeTarget "lifeUITests" */ = {
			isa = XCConfigurationList;
			buildConfigurations = (
				F9080EC6216E94A100D8440A /* Debug */,
				F9080EC7216E94A100D8440A /* Release */,
			);
			defaultConfigurationIsVisible = 0;
			defaultConfigurationName = Release;
		};
/* End XCConfigurationList section */
	};
	rootObject = 0A4C240116281ADC007DA868 /* Project object */;
}
